// !$*UTF8*$!
{
	archiveVersion = 1;
	classes = {
	};
	objectVersion = 50;
	objects = {

/* Begin PBXBuildFile section */
		8F58D20226FA088E003048FC /* MainViewController.xib in Resources */ = {isa = PBXBuildFile; fileRef = 8F58D20126FA088E003048FC /* MainViewController.xib */; };
		8F58D20426FA08AE003048FC /* MainViewController.swift in Sources */ = {isa = PBXBuildFile; fileRef = 8F58D20326FA08AE003048FC /* MainViewController.swift */; };
		8F58D20626FA08D0003048FC /* BuyViewController.xib in Resources */ = {isa = PBXBuildFile; fileRef = 8F58D20526FA08D0003048FC /* BuyViewController.xib */; };
		8F58D20826FA08D9003048FC /* BuyViewController.swift in Sources */ = {isa = PBXBuildFile; fileRef = 8F58D20726FA08D9003048FC /* BuyViewController.swift */; };
		8F58D20A26FA092A003048FC /* CreateAccountViewController.xib in Resources */ = {isa = PBXBuildFile; fileRef = 8F58D20926FA092A003048FC /* CreateAccountViewController.xib */; };
		8F58D20C26FA0937003048FC /* CreateAccountViewController.swift in Sources */ = {isa = PBXBuildFile; fileRef = 8F58D20B26FA0937003048FC /* CreateAccountViewController.swift */; };
		8F58D20F26FA0CDF003048FC /* ApplicationCoordinator.swift in Sources */ = {isa = PBXBuildFile; fileRef = 8F58D20E26FA0CDF003048FC /* ApplicationCoordinator.swift */; };
		8F58D21126FA0F15003048FC /* MainScreenCoordinator.swift in Sources */ = {isa = PBXBuildFile; fileRef = 8F58D21026FA0F15003048FC /* MainScreenCoordinator.swift */; };
		8F58D21326FA11EE003048FC /* BuyScreenCoordinator.swift in Sources */ = {isa = PBXBuildFile; fileRef = 8F58D21226FA11EE003048FC /* BuyScreenCoordinator.swift */; };
		8F58D21526FA15B3003048FC /* CreateAccountScreenCoordinator.swift in Sources */ = {isa = PBXBuildFile; fileRef = 8F58D21426FA15B3003048FC /* CreateAccountScreenCoordinator.swift */; };
		8F6C5F6026FB48AB00825323 /* MainScreenRouter.swift in Sources */ = {isa = PBXBuildFile; fileRef = 8F6C5F5F26FB48AB00825323 /* MainScreenRouter.swift */; };
		8F6C5F6226FB48F700825323 /* TransitionHandler.swift in Sources */ = {isa = PBXBuildFile; fileRef = 8F6C5F6126FB48F700825323 /* TransitionHandler.swift */; };
		8FF4A82F26F9B07600FCD078 /* AppDelegate.swift in Sources */ = {isa = PBXBuildFile; fileRef = 8FF4A82E26F9B07600FCD078 /* AppDelegate.swift */; };
		8FF4A83826F9B07A00FCD078 /* Assets.xcassets in Resources */ = {isa = PBXBuildFile; fileRef = 8FF4A83726F9B07A00FCD078 /* Assets.xcassets */; };
		8FF4A83B26F9B07A00FCD078 /* LaunchScreen.storyboard in Resources */ = {isa = PBXBuildFile; fileRef = 8FF4A83926F9B07A00FCD078 /* LaunchScreen.storyboard */; };
		8FF4A84326F9B09800FCD078 /* Coordinator.swift in Sources */ = {isa = PBXBuildFile; fileRef = 8FF4A84226F9B09800FCD078 /* Coordinator.swift */; };
/* End PBXBuildFile section */

/* Begin PBXFileReference section */
		8F58D20126FA088E003048FC /* MainViewController.xib */ = {isa = PBXFileReference; lastKnownFileType = file.xib; path = MainViewController.xib; sourceTree = "<group>"; };
		8F58D20326FA08AE003048FC /* MainViewController.swift */ = {isa = PBXFileReference; lastKnownFileType = sourcecode.swift; path = MainViewController.swift; sourceTree = "<group>"; };
		8F58D20526FA08D0003048FC /* BuyViewController.xib */ = {isa = PBXFileReference; lastKnownFileType = file.xib; path = BuyViewController.xib; sourceTree = "<group>"; };
		8F58D20726FA08D9003048FC /* BuyViewController.swift */ = {isa = PBXFileReference; lastKnownFileType = sourcecode.swift; path = BuyViewController.swift; sourceTree = "<group>"; };
		8F58D20926FA092A003048FC /* CreateAccountViewController.xib */ = {isa = PBXFileReference; lastKnownFileType = file.xib; path = CreateAccountViewController.xib; sourceTree = "<group>"; };
		8F58D20B26FA0937003048FC /* CreateAccountViewController.swift */ = {isa = PBXFileReference; lastKnownFileType = sourcecode.swift; path = CreateAccountViewController.swift; sourceTree = "<group>"; };
		8F58D20E26FA0CDF003048FC /* ApplicationCoordinator.swift */ = {isa = PBXFileReference; lastKnownFileType = sourcecode.swift; path = ApplicationCoordinator.swift; sourceTree = "<group>"; };
		8F58D21026FA0F15003048FC /* MainScreenCoordinator.swift */ = {isa = PBXFileReference; lastKnownFileType = sourcecode.swift; path = MainScreenCoordinator.swift; sourceTree = "<group>"; };
		8F58D21226FA11EE003048FC /* BuyScreenCoordinator.swift */ = {isa = PBXFileReference; lastKnownFileType = sourcecode.swift; path = BuyScreenCoordinator.swift; sourceTree = "<group>"; };
		8F58D21426FA15B3003048FC /* CreateAccountScreenCoordinator.swift */ = {isa = PBXFileReference; lastKnownFileType = sourcecode.swift; path = CreateAccountScreenCoordinator.swift; sourceTree = "<group>"; };
		8F6C5F5F26FB48AB00825323 /* MainScreenRouter.swift */ = {isa = PBXFileReference; lastKnownFileType = sourcecode.swift; path = MainScreenRouter.swift; sourceTree = "<group>"; };
		8F6C5F6126FB48F700825323 /* TransitionHandler.swift */ = {isa = PBXFileReference; lastKnownFileType = sourcecode.swift; path = TransitionHandler.swift; sourceTree = "<group>"; };
		8FF4A82B26F9B07600FCD078 /* Coordinators.app */ = {isa = PBXFileReference; explicitFileType = wrapper.application; includeInIndex = 0; path = Coordinators.app; sourceTree = BUILT_PRODUCTS_DIR; };
		8FF4A82E26F9B07600FCD078 /* AppDelegate.swift */ = {isa = PBXFileReference; lastKnownFileType = sourcecode.swift; path = AppDelegate.swift; sourceTree = "<group>"; };
		8FF4A83726F9B07A00FCD078 /* Assets.xcassets */ = {isa = PBXFileReference; lastKnownFileType = folder.assetcatalog; path = Assets.xcassets; sourceTree = "<group>"; };
		8FF4A83A26F9B07A00FCD078 /* Base */ = {isa = PBXFileReference; lastKnownFileType = file.storyboard; name = Base; path = Base.lproj/LaunchScreen.storyboard; sourceTree = "<group>"; };
		8FF4A83C26F9B07A00FCD078 /* Info.plist */ = {isa = PBXFileReference; lastKnownFileType = text.plist.xml; path = Info.plist; sourceTree = "<group>"; };
		8FF4A84226F9B09800FCD078 /* Coordinator.swift */ = {isa = PBXFileReference; lastKnownFileType = sourcecode.swift; path = Coordinator.swift; sourceTree = "<group>"; };
/* End PBXFileReference section */

/* Begin PBXFrameworksBuildPhase section */
		8FF4A82826F9B07600FCD078 /* Frameworks */ = {
			isa = PBXFrameworksBuildPhase;
			buildActionMask = 2147483647;
			files = (
			);
			runOnlyForDeploymentPostprocessing = 0;
		};
/* End PBXFrameworksBuildPhase section */

/* Begin PBXGroup section */
		8F58D1FB26FA07EA003048FC /* Coordinator */ = {
			isa = PBXGroup;
			children = (
				8FF4A84226F9B09800FCD078 /* Coordinator.swift */,
				8F58D20E26FA0CDF003048FC /* ApplicationCoordinator.swift */,
				8F58D21026FA0F15003048FC /* MainScreenCoordinator.swift */,
				8F58D21226FA11EE003048FC /* BuyScreenCoordinator.swift */,
				8F58D21426FA15B3003048FC /* CreateAccountScreenCoordinator.swift */,
			);
			path = Coordinator;
			sourceTree = "<group>";
		};
		8F58D1FC26FA07F5003048FC /* Screens */ = {
			isa = PBXGroup;
			children = (
				8F58D20026FA0845003048FC /* CreateAccountScreen */,
				8F58D1FF26FA0833003048FC /* BuyScreen */,
				8F58D1FE26FA0829003048FC /* MainScreen */,
			);
			path = Screens;
			sourceTree = "<group>";
		};
		8F58D1FE26FA0829003048FC /* MainScreen */ = {
			isa = PBXGroup;
			children = (
				8F58D20126FA088E003048FC /* MainViewController.xib */,
				8F58D20326FA08AE003048FC /* MainViewController.swift */,
			);
			path = MainScreen;
			sourceTree = "<group>";
		};
		8F58D1FF26FA0833003048FC /* BuyScreen */ = {
			isa = PBXGroup;
			children = (
				8F58D20526FA08D0003048FC /* BuyViewController.xib */,
				8F58D20726FA08D9003048FC /* BuyViewController.swift */,
			);
			path = BuyScreen;
			sourceTree = "<group>";
		};
		8F58D20026FA0845003048FC /* CreateAccountScreen */ = {
			isa = PBXGroup;
			children = (
				8F58D20926FA092A003048FC /* CreateAccountViewController.xib */,
				8F58D20B26FA0937003048FC /* CreateAccountViewController.swift */,
			);
			path = CreateAccountScreen;
			sourceTree = "<group>";
		};
		8F58D20D26FA0999003048FC /* Application */ = {
			isa = PBXGroup;
			children = (
				8FF4A82E26F9B07600FCD078 /* AppDelegate.swift */,
				8FF4A83C26F9B07A00FCD078 /* Info.plist */,
			);
			path = Application;
			sourceTree = "<group>";
		};
		8F6C5F5E26FB489400825323 /* Protocols */ = {
			isa = PBXGroup;
			children = (
				8F6C5F5F26FB48AB00825323 /* MainScreenRouter.swift */,
				8F6C5F6126FB48F700825323 /* TransitionHandler.swift */,
			);
			path = Protocols;
			sourceTree = "<group>";
		};
		8FF4A82226F9B07600FCD078 = {
			isa = PBXGroup;
			children = (
				8FF4A82D26F9B07600FCD078 /* Coordinators */,
				8FF4A82C26F9B07600FCD078 /* Products */,
			);
			sourceTree = "<group>";
		};
		8FF4A82C26F9B07600FCD078 /* Products */ = {
			isa = PBXGroup;
			children = (
				8FF4A82B26F9B07600FCD078 /* Coordinators.app */,
			);
			name = Products;
			sourceTree = "<group>";
		};
		8FF4A82D26F9B07600FCD078 /* Coordinators */ = {
			isa = PBXGroup;
			children = (
				8F6C5F5E26FB489400825323 /* Protocols */,
				8F58D20D26FA0999003048FC /* Application */,
				8F58D1FC26FA07F5003048FC /* Screens */,
				8F58D1FB26FA07EA003048FC /* Coordinator */,
				8FF4A83726F9B07A00FCD078 /* Assets.xcassets */,
				8FF4A83926F9B07A00FCD078 /* LaunchScreen.storyboard */,
			);
			path = Coordinators;
			sourceTree = "<group>";
		};
/* End PBXGroup section */

/* Begin PBXNativeTarget section */
		8FF4A82A26F9B07600FCD078 /* Coordinators */ = {
			isa = PBXNativeTarget;
			buildConfigurationList = 8FF4A83F26F9B07A00FCD078 /* Build configuration list for PBXNativeTarget "Coordinators" */;
			buildPhases = (
				8FF4A82726F9B07600FCD078 /* Sources */,
				8FF4A82826F9B07600FCD078 /* Frameworks */,
				8FF4A82926F9B07600FCD078 /* Resources */,
			);
			buildRules = (
			);
			dependencies = (
			);
			name = Coordinators;
			productName = Coordinators;
			productReference = 8FF4A82B26F9B07600FCD078 /* Coordinators.app */;
			productType = "com.apple.product-type.application";
		};
/* End PBXNativeTarget section */

/* Begin PBXProject section */
		8FF4A82326F9B07600FCD078 /* Project object */ = {
			isa = PBXProject;
			attributes = {
				LastSwiftUpdateCheck = 1250;
				LastUpgradeCheck = 1250;
				TargetAttributes = {
					8FF4A82A26F9B07600FCD078 = {
						CreatedOnToolsVersion = 12.5.1;
					};
				};
			};
			buildConfigurationList = 8FF4A82626F9B07600FCD078 /* Build configuration list for PBXProject "Coordinators" */;
			compatibilityVersion = "Xcode 9.3";
			developmentRegion = en;
			hasScannedForEncodings = 0;
			knownRegions = (
				en,
				Base,
			);
			mainGroup = 8FF4A82226F9B07600FCD078;
			productRefGroup = 8FF4A82C26F9B07600FCD078 /* Products */;
			projectDirPath = "";
			projectRoot = "";
			targets = (
				8FF4A82A26F9B07600FCD078 /* Coordinators */,
			);
		};
/* End PBXProject section */

/* Begin PBXResourcesBuildPhase section */
		8FF4A82926F9B07600FCD078 /* Resources */ = {
			isa = PBXResourcesBuildPhase;
			buildActionMask = 2147483647;
			files = (
				8FF4A83B26F9B07A00FCD078 /* LaunchScreen.storyboard in Resources */,
				8FF4A83826F9B07A00FCD078 /* Assets.xcassets in Resources */,
				8F58D20A26FA092A003048FC /* CreateAccountViewController.xib in Resources */,
				8F58D20626FA08D0003048FC /* BuyViewController.xib in Resources */,
				8F58D20226FA088E003048FC /* MainViewController.xib in Resources */,
			);
			runOnlyForDeploymentPostprocessing = 0;
		};
/* End PBXResourcesBuildPhase section */

/* Begin PBXSourcesBuildPhase section */
		8FF4A82726F9B07600FCD078 /* Sources */ = {
			isa = PBXSourcesBuildPhase;
			buildActionMask = 2147483647;
			files = (
				8FF4A84326F9B09800FCD078 /* Coordinator.swift in Sources */,
				8F58D21326FA11EE003048FC /* BuyScreenCoordinator.swift in Sources */,
				8F58D21126FA0F15003048FC /* MainScreenCoordinator.swift in Sources */,
				8F6C5F6026FB48AB00825323 /* MainScreenRouter.swift in Sources */,
				8F6C5F6226FB48F700825323 /* TransitionHandler.swift in Sources */,
				8F58D20826FA08D9003048FC /* BuyViewController.swift in Sources */,
				8FF4A82F26F9B07600FCD078 /* AppDelegate.swift in Sources */,
				8F58D20C26FA0937003048FC /* CreateAccountViewController.swift in Sources */,
				8F58D21526FA15B3003048FC /* CreateAccountScreenCoordinator.swift in Sources */,
				8F58D20426FA08AE003048FC /* MainViewController.swift in Sources */,
				8F58D20F26FA0CDF003048FC /* ApplicationCoordinator.swift in Sources */,
			);
			runOnlyForDeploymentPostprocessing = 0;
		};
/* End PBXSourcesBuildPhase section */

/* Begin PBXVariantGroup section */
		8FF4A83926F9B07A00FCD078 /* LaunchScreen.storyboard */ = {
			isa = PBXVariantGroup;
			children = (
				8FF4A83A26F9B07A00FCD078 /* Base */,
			);
			name = LaunchScreen.storyboard;
			sourceTree = "<group>";
		};
/* End PBXVariantGroup section */

/* Begin XCBuildConfiguration section */
		8FF4A83D26F9B07A00FCD078 /* Debug */ = {
			isa = XCBuildConfiguration;
			buildSettings = {
				ALWAYS_SEARCH_USER_PATHS = NO;
				CLANG_ANALYZER_NONNULL = YES;
				CLANG_ANALYZER_NUMBER_OBJECT_CONVERSION = YES_AGGRESSIVE;
				CLANG_CXX_LANGUAGE_STANDARD = "gnu++14";
				CLANG_CXX_LIBRARY = "libc++";
				CLANG_ENABLE_MODULES = YES;
				CLANG_ENABLE_OBJC_ARC = YES;
				CLANG_ENABLE_OBJC_WEAK = YES;
				CLANG_WARN_BLOCK_CAPTURE_AUTORELEASING = YES;
				CLANG_WARN_BOOL_CONVERSION = YES;
				CLANG_WARN_COMMA = YES;
				CLANG_WARN_CONSTANT_CONVERSION = YES;
				CLANG_WARN_DEPRECATED_OBJC_IMPLEMENTATIONS = YES;
				CLANG_WARN_DIRECT_OBJC_ISA_USAGE = YES_ERROR;
				CLANG_WARN_DOCUMENTATION_COMMENTS = YES;
				CLANG_WARN_EMPTY_BODY = YES;
				CLANG_WARN_ENUM_CONVERSION = YES;
				CLANG_WARN_INFINITE_RECURSION = YES;
				CLANG_WARN_INT_CONVERSION = YES;
				CLANG_WARN_NON_LITERAL_NULL_CONVERSION = YES;
				CLANG_WARN_OBJC_IMPLICIT_RETAIN_SELF = YES;
				CLANG_WARN_OBJC_LITERAL_CONVERSION = YES;
				CLANG_WARN_OBJC_ROOT_CLASS = YES_ERROR;
				CLANG_WARN_QUOTED_INCLUDE_IN_FRAMEWORK_HEADER = YES;
				CLANG_WARN_RANGE_LOOP_ANALYSIS = YES;
				CLANG_WARN_STRICT_PROTOTYPES = YES;
				CLANG_WARN_SUSPICIOUS_MOVE = YES;
				CLANG_WARN_UNGUARDED_AVAILABILITY = YES_AGGRESSIVE;
				CLANG_WARN_UNREACHABLE_CODE = YES;
				CLANG_WARN__DUPLICATE_METHOD_MATCH = YES;
				COPY_PHASE_STRIP = NO;
				DEBUG_INFORMATION_FORMAT = dwarf;
				ENABLE_STRICT_OBJC_MSGSEND = YES;
				ENABLE_TESTABILITY = YES;
				GCC_C_LANGUAGE_STANDARD = gnu11;
				GCC_DYNAMIC_NO_PIC = NO;
				GCC_NO_COMMON_BLOCKS = YES;
				GCC_OPTIMIZATION_LEVEL = 0;
				GCC_PREPROCESSOR_DEFINITIONS = (
					"DEBUG=1",
					"$(inherited)",
				);
				GCC_WARN_64_TO_32_BIT_CONVERSION = YES;
				GCC_WARN_ABOUT_RETURN_TYPE = YES_ERROR;
				GCC_WARN_UNDECLARED_SELECTOR = YES;
				GCC_WARN_UNINITIALIZED_AUTOS = YES_AGGRESSIVE;
				GCC_WARN_UNUSED_FUNCTION = YES;
				GCC_WARN_UNUSED_VARIABLE = YES;
				IPHONEOS_DEPLOYMENT_TARGET = 14.5;
				MTL_ENABLE_DEBUG_INFO = INCLUDE_SOURCE;
				MTL_FAST_MATH = YES;
				ONLY_ACTIVE_ARCH = YES;
				SDKROOT = iphoneos;
				SWIFT_ACTIVE_COMPILATION_CONDITIONS = DEBUG;
				SWIFT_OPTIMIZATION_LEVEL = "-Onone";
			};
			name = Debug;
		};
		8FF4A83E26F9B07A00FCD078 /* Release */ = {
			isa = XCBuildConfiguration;
			buildSettings = {
				ALWAYS_SEARCH_USER_PATHS = NO;
				CLANG_ANALYZER_NONNULL = YES;
				CLANG_ANALYZER_NUMBER_OBJECT_CONVERSION = YES_AGGRESSIVE;
				CLANG_CXX_LANGUAGE_STANDARD = "gnu++14";
				CLANG_CXX_LIBRARY = "libc++";
				CLANG_ENABLE_MODULES = YES;
				CLANG_ENABLE_OBJC_ARC = YES;
				CLANG_ENABLE_OBJC_WEAK = YES;
				CLANG_WARN_BLOCK_CAPTURE_AUTORELEASING = YES;
				CLANG_WARN_BOOL_CONVERSION = YES;
				CLANG_WARN_COMMA = YES;
				CLANG_WARN_CONSTANT_CONVERSION = YES;
				CLANG_WARN_DEPRECATED_OBJC_IMPLEMENTATIONS = YES;
				CLANG_WARN_DIRECT_OBJC_ISA_USAGE = YES_ERROR;
				CLANG_WARN_DOCUMENTATION_COMMENTS = YES;
				CLANG_WARN_EMPTY_BODY = YES;
				CLANG_WARN_ENUM_CONVERSION = YES;
				CLANG_WARN_INFINITE_RECURSION = YES;
				CLANG_WARN_INT_CONVERSION = YES;
				CLANG_WARN_NON_LITERAL_NULL_CONVERSION = YES;
				CLANG_WARN_OBJC_IMPLICIT_RETAIN_SELF = YES;
				CLANG_WARN_OBJC_LITERAL_CONVERSION = YES;
				CLANG_WARN_OBJC_ROOT_CLASS = YES_ERROR;
				CLANG_WARN_QUOTED_INCLUDE_IN_FRAMEWORK_HEADER = YES;
				CLANG_WARN_RANGE_LOOP_ANALYSIS = YES;
				CLANG_WARN_STRICT_PROTOTYPES = YES;
				CLANG_WARN_SUSPICIOUS_MOVE = YES;
				CLANG_WARN_UNGUARDED_AVAILABILITY = YES_AGGRESSIVE;
				CLANG_WARN_UNREACHABLE_CODE = YES;
				CLANG_WARN__DUPLICATE_METHOD_MATCH = YES;
				COPY_PHASE_STRIP = NO;
				DEBUG_INFORMATION_FORMAT = "dwarf-with-dsym";
				ENABLE_NS_ASSERTIONS = NO;
				ENABLE_STRICT_OBJC_MSGSEND = YES;
				GCC_C_LANGUAGE_STANDARD = gnu11;
				GCC_NO_COMMON_BLOCKS = YES;
				GCC_WARN_64_TO_32_BIT_CONVERSION = YES;
				GCC_WARN_ABOUT_RETURN_TYPE = YES_ERROR;
				GCC_WARN_UNDECLARED_SELECTOR = YES;
				GCC_WARN_UNINITIALIZED_AUTOS = YES_AGGRESSIVE;
				GCC_WARN_UNUSED_FUNCTION = YES;
				GCC_WARN_UNUSED_VARIABLE = YES;
				IPHONEOS_DEPLOYMENT_TARGET = 14.5;
				MTL_ENABLE_DEBUG_INFO = NO;
				MTL_FAST_MATH = YES;
				SDKROOT = iphoneos;
				SWIFT_COMPILATION_MODE = wholemodule;
				SWIFT_OPTIMIZATION_LEVEL = "-O";
				VALIDATE_PRODUCT = YES;
			};
			name = Release;
		};
		8FF4A84026F9B07A00FCD078 /* Debug */ = {
			isa = XCBuildConfiguration;
			buildSettings = {
				ASSETCATALOG_COMPILER_APPICON_NAME = AppIcon;
				ASSETCATALOG_COMPILER_GLOBAL_ACCENT_COLOR_NAME = AccentColor;
				CODE_SIGN_STYLE = Automatic;
				DEVELOPMENT_TEAM = AWN3QD4X7Y;
				INFOPLIST_FILE = Coordinators/Application/Info.plist;
				LD_RUNPATH_SEARCH_PATHS = (
					"$(inherited)",
					"@executable_path/Frameworks",
				);
				PRODUCT_BUNDLE_IDENTIFIER = com.denisV.Coordinators;
				PRODUCT_NAME = "$(TARGET_NAME)";
				SWIFT_VERSION = 5.0;
				TARGETED_DEVICE_FAMILY = "1,2";
			};
			name = Debug;
		};
		8FF4A84126F9B07A00FCD078 /* Release */ = {
			isa = XCBuildConfiguration;
			buildSettings = {
				ASSETCATALOG_COMPILER_APPICON_NAME = AppIcon;
				ASSETCATALOG_COMPILER_GLOBAL_ACCENT_COLOR_NAME = AccentColor;
				CODE_SIGN_STYLE = Automatic;
				DEVELOPMENT_TEAM = AWN3QD4X7Y;
				INFOPLIST_FILE = Coordinators/Application/Info.plist;
				LD_RUNPATH_SEARCH_PATHS = (
					"$(inherited)",
					"@executable_path/Frameworks",
				);
				PRODUCT_BUNDLE_IDENTIFIER = com.denisV.Coordinators;
				PRODUCT_NAME = "$(TARGET_NAME)";
				SWIFT_VERSION = 5.0;
				TARGETED_DEVICE_FAMILY = "1,2";
			};
			name = Release;
		};
/* End XCBuildConfiguration section */

/* Begin XCConfigurationList section */
		8FF4A82626F9B07600FCD078 /* Build configuration list for PBXProject "Coordinators" */ = {
			isa = XCConfigurationList;
			buildConfigurations = (
				8FF4A83D26F9B07A00FCD078 /* Debug */,
				8FF4A83E26F9B07A00FCD078 /* Release */,
			);
			defaultConfigurationIsVisible = 0;
			defaultConfigurationName = Release;
		};
		8FF4A83F26F9B07A00FCD078 /* Build configuration list for PBXNativeTarget "Coordinators" */ = {
			isa = XCConfigurationList;
			buildConfigurations = (
				8FF4A84026F9B07A00FCD078 /* Debug */,
				8FF4A84126F9B07A00FCD078 /* Release */,
			);
			defaultConfigurationIsVisible = 0;
			defaultConfigurationName = Release;
		};
/* End XCConfigurationList section */
	};
	rootObject = 8FF4A82326F9B07600FCD078 /* Project object */;
}
